
Microsoft Visual Studio Solution File, Format Version 12.00
# Visual Studio Version 17
VisualStudioVersion = 17.5.002.0
MinimumVisualStudioVersion = 10.0.40219.1
Project("{9A19103F-16F7-4668-BE54-9A1E7A4F7556}") = "NomeCompleto", "NomeCompleto.csproj", "{9492A3E6-F61F-4758-A9D2-3B4F677E4C4C}"
EndProject
Global
	GlobalSection(SolutionConfigurationPlatforms) = preSolution
		Debug|Any CPU = Debug|Any CPU
		Release|Any CPU = Release|Any CPU
	EndGlobalSection
	GlobalSection(ProjectConfigurationPlatforms) = postSolution
		{9492A3E6-F61F-4758-A9D2-3B4F677E4C4C}.Debug|Any CPU.ActiveCfg = Debug|Any CPU
		{9492A3E6-F61F-4758-A9D2-3B4F677E4C4C}.Debug|Any CPU.Build.0 = Debug|Any CPU
		{9492A3E6-F61F-4758-A9D2-3B4F677E4C4C}.Release|Any CPU.ActiveCfg = Release|Any CPU
		{9492A3E6-F61F-4758-A9D2-3B4F677E4C4C}.Release|Any CPU.Build.0 = Release|Any CPU
	EndGlobalSection
	GlobalSection(SolutionProperties) = preSolution
		HideSolutionNode = FALSE
	EndGlobalSection
	GlobalSection(ExtensibilityGlobals) = postSolution
		SolutionGuid = {A8A06ECE-34F2-47A0-8C39-E74007BC67F9}
	EndGlobalSection
EndGlobal
